{
  "nodes": {
    "home-manager": {
      "inputs": {
        "nixpkgs": [
          "nixpkgs"
        ]
      },
      "locked": {
        "lastModified": 1691506824,
        "narHash": "sha256-Z2Ms7036CCEAfCmDBDy+sFauO6/7fx2UN3aoPCpp4tA=",
        "owner": "nix-community",
        "repo": "home-manager",
        "rev": "7b8d43fbaf8450c30caaed5eab876897d0af891b",
        "type": "github"
      },
      "original": {
        "owner": "nix-community",
        "ref": "master",
        "repo": "home-manager",
        "type": "github"
      }
    },
    "mobile-nixos": {
      "flake": false,
      "locked": {
        "lastModified": 1684178022,
        "narHash": "sha256-oOg6oQHcKWZl34WMdKFXTJbOEdzPEqRcwE4ts/ofngY=",
        "owner": "kiana-S",
        "repo": "mobile-nixos",
        "rev": "1b0cfe3c6104acd8f2652dc5feaa6863f8b90553",
        "type": "github"
      },
      "original": {
        "owner": "kiana-S",
        "repo": "mobile-nixos",
        "type": "github"
      }
    },
    "nixos-hardware": {
      "locked": {
        "lastModified": 1691305349,
        "narHash": "sha256-0Pig7jnmuRH3c5dOTVTOvTLwo2CRzYTyvJRQ82HWRSo=",
        "owner": "NixOS",
        "repo": "nixos-hardware",
        "rev": "5426a95071d0b9782b3209b3995cde1f5689616e",
        "type": "github"
      },
      "original": {
        "owner": "NixOS",
        "repo": "nixos-hardware",
        "type": "github"
      }
    },
    "nixpkgs": {
      "locked": {
        "lastModified": 1691472822,
        "narHash": "sha256-XVfYZ2oB3lNPVq6sHCY9WkdQ8lHoIDzzbpg8bB6oBxA=",
        "owner": "NixOS",
        "repo": "nixpkgs",
        "rev": "41c7605718399dcfa53dd7083793b6ae3bc969ff",
        "type": "github"
      },
      "original": {
        "owner": "NixOS",
        "ref": "nixos-unstable",
        "repo": "nixpkgs",
        "type": "github"
      }
    },
    "root": {
      "inputs": {
        "home-manager": "home-manager",
        "mobile-nixos": "mobile-nixos",
        "nixos-hardware": "nixos-hardware",
        "nixpkgs": "nixpkgs",
        "sxmo": "sxmo",
        "tokyo-night-sddm-src": "tokyo-night-sddm-src"
      }
    },
    "sxmo": {
      "flake": false,
      "locked": {
        "lastModified": 1670262526,
        "narHash": "sha256-Rkv5CR31ZrDxbGbOeZMyOXqPdIGKCFd2PNRJs1aiBd8=",
        "owner": "wentam",
        "repo": "sxmo-nix",
        "rev": "74129afef2e5ebc874fc3b02bbda863c8c2a0cdc",
        "type": "github"
      },
      "original": {
        "owner": "wentam",
        "repo": "sxmo-nix",
        "type": "github"
      }
    },
    "tokyo-night-sddm-src": {
      "flake": false,
      "locked": {
        "lastModified": 1686823900,
        "narHash": "sha256-JRVVzyefqR2L3UrEK2iWyhUKfPMUNUnfRZmwdz05wL0=",
        "owner": "rototrash",
        "repo": "tokyo-night-sddm",
        "rev": "320c8e74ade1e94f640708eee0b9a75a395697c6",
        "type": "github"
      },
      "original": {
        "owner": "rototrash",
        "repo": "tokyo-night-sddm",
        "type": "github"
      }
    }
  },
  "root": "root",
  "version": 7
}
